%{
  "complex": {:hex, :complex, "0.5.0", "af2d2331ff6170b61bb738695e481b27a66780e18763e066ee2cd863d0b1dd92", [:mix], [], "hexpm", "2683bd3c184466cfb94fad74cbfddfaa94b860e27ad4ca1bffe3bff169d91ef1"},
  "elixir_make": {:hex, :elixir_make, "0.7.6", "67716309dc5d43e16b5abbd00c01b8df6a0c2ab54a8f595468035a50189f9169", [:mix], [{:castore, "~> 0.1 or ~> 1.0", [hex: :castore, repo: "hexpm", optional: true]}], "hexpm", "5a0569756b0f7873a77687800c164cca6dfc03a09418e6fcf853d78991f49940"},
  "exla": {:hex, :exla, "0.5.2", "d2c3dc947f2670b28c631bd5803ae09033cbbac468d2dceb3950407b17ecd633", [:make, :mix], [{:elixir_make, "~> 0.6", [hex: :elixir_make, repo: "hexpm", optional: false]}, {:nx, "~> 0.5.1", [hex: :nx, repo: "hexpm", optional: false]}, {:telemetry, "~> 0.4.0 or ~> 1.0", [hex: :telemetry, repo: "hexpm", optional: false]}, {:xla, "~> 0.4.4", [hex: :xla, repo: "hexpm", optional: false]}], "hexpm", "0cd561bf45ec2f7b67c3235a380cc85ea09e526f9be130b9395144e176b0e52f"},
  "nx": {:hex, :nx, "0.5.2", "10b047d33646f815eb3bf16353781172f088472587fbf6e9b345e44a1ec3a1c2", [:mix], [{:complex, "~> 0.5", [hex: :complex, repo: "hexpm", optional: false]}, {:telemetry, "~> 0.4.0 or ~> 1.0", [hex: :telemetry, repo: "hexpm", optional: false]}], "hexpm", "e08b8b454e65f4ef104b0034a1436a033f2ddf5db9b79408dfc8e92667a6a314"},
  "telemetry": {:hex, :telemetry, "1.2.1", "68fdfe8d8f05a8428483a97d7aab2f268aaff24b49e0f599faa091f1d4e7f61c", [:rebar3], [], "hexpm", "dad9ce9d8effc621708f99eac538ef1cbe05d6a874dd741de2e689c47feafed5"},
  "xla": {:hex, :xla, "0.4.4", "c3a8ed1f579bda949df505e49ff65415c8281d991fbd6ae1d8f3c5d0fd155f54", [:make, :mix], [{:elixir_make, "~> 0.4", [hex: :elixir_make, repo: "hexpm", optional: false]}], "hexpm", "484f3f9011db3c9f1ff1e98eecefd382f3882a07ada540fd58803db1d2dab671"},
}
