%{
  "complex": {:git, "https://github.com/polvalente/elixir-complex.git", "57f1bd5e8fe13ac1a3eed5651ad3f587a1111d6d", [branch: "main"]},
  "elixir_make": {:hex, :elixir_make, "0.6.3", "bc07d53221216838d79e03a8019d0839786703129599e9619f4ab74c8c096eac", [:mix], [], "hexpm", "f5cbd651c5678bcaabdbb7857658ee106b12509cd976c2c2fca99688e1daf716"},
  "exla": {:git, "https://github.com/elixir-nx/nx.git", "df18cbcaa524e9d82b774bdb026921c9482430e9", [sparse: "exla"]},
  "nx": {:git, "https://github.com/elixir-nx/nx.git", "df18cbcaa524e9d82b774bdb026921c9482430e9", [sparse: "nx"]},
  "typed_struct": {:hex, :typed_struct, "0.2.1", "e1993414c371f09ff25231393b6430bd89d780e2a499ae3b2d2b00852f593d97", [:mix], [], "hexpm", "8f5218c35ec38262f627b2c522542f1eae41f625f92649c0af701a6fab2e11b3"},
  "xla": {:hex, :xla, "0.3.0", "7f40d3d799447bd745e6e61985c922821e355eca37c25754bac299d11f137f2e", [:make, :mix], [{:elixir_make, "~> 0.4", [hex: :elixir_make, repo: "hexpm", optional: false]}], "hexpm", "0de304f5624ea2f2ae1afdcbd72d33855364be36fed2cc5de8d6d2ec8950926e"},
}
